
Microsoft Visual Studio Solution File, Format Version 12.00
# Visual Studio 15
VisualStudioVersion = 15.0.27004.2002
MinimumVisualStudioVersion = 10.0.40219.1
Project("{FAE04EC0-301F-11D3-BF4B-00C04F79EFBC}") = "UMemory", "UMemory\UMemory.csproj", "{F32C133A-D441-4D83-9E30-357DAA850571}"
EndProject
Project("{FAE04EC0-301F-11D3-BF4B-00C04F79EFBC}") = "UMemory.Test", "UMemory.Test\UMemory.Test.csproj", "{BBEB38E2-E5B6-4278-BA26-299056A9A568}"
EndProject
Global
	GlobalSection(SolutionConfigurationPlatforms) = preSolution
		Debug|Any CPU = Debug|Any CPU
		Release|Any CPU = Release|Any CPU
	EndGlobalSection
	GlobalSection(ProjectConfigurationPlatforms) = postSolution
		{F32C133A-D441-4D83-9E30-357DAA850571}.Debug|Any CPU.ActiveCfg = Debug|Any CPU
		{F32C133A-D441-4D83-9E30-357DAA850571}.Debug|Any CPU.Build.0 = Debug|Any CPU
		{F32C133A-D441-4D83-9E30-357DAA850571}.Release|Any CPU.ActiveCfg = Release|Any CPU
		{F32C133A-D441-4D83-9E30-357DAA850571}.Release|Any CPU.Build.0 = Release|Any CPU
		{BBEB38E2-E5B6-4278-BA26-299056A9A568}.Debug|Any CPU.ActiveCfg = Debug|Any CPU
		{BBEB38E2-E5B6-4278-BA26-299056A9A568}.Debug|Any CPU.Build.0 = Debug|Any CPU
		{BBEB38E2-E5B6-4278-BA26-299056A9A568}.Release|Any CPU.ActiveCfg = Release|Any CPU
		{BBEB38E2-E5B6-4278-BA26-299056A9A568}.Release|Any CPU.Build.0 = Release|Any CPU
	EndGlobalSection
	GlobalSection(SolutionProperties) = preSolution
		HideSolutionNode = FALSE
	EndGlobalSection
	GlobalSection(ExtensibilityGlobals) = postSolution
		SolutionGuid = {76037191-74DC-43C2-8B2A-D58326D59E99}
	EndGlobalSection
EndGlobal
